
Microsoft Visual Studio Solution File, Format Version 12.00
# Visual Studio Version 17
VisualStudioVersion = 17.13.36105.23
MinimumVisualStudioVersion = 10.0.40219.1
Project("{FAE04EC0-301F-11D3-BF4B-00C04F79EFBC}") = "PocketLint.Core", "PocketLint.Core\PocketLint.Core.csproj", "{565BFAFA-3CB4-480A-A27C-DD6727475083}"
EndProject
Project("{FAE04EC0-301F-11D3-BF4B-00C04F79EFBC}") = "PocketLint.Runner", "PocketLint.Runner\PocketLint.Runner.csproj", "{770EBF8F-B198-4A33-B9B1-58D8CCB7EF60}"
EndProject
Project("{FAE04EC0-301F-11D3-BF4B-00C04F79EFBC}") = "PocketLint.Tools", "PocketLint.Tools\PocketLint.Tools.csproj", "{4E88FBCF-EAF3-4ED5-AED9-32C8DAB6AF1E}"
EndProject
Project("{FAE04EC0-301F-11D3-BF4B-00C04F79EFBC}") = "MyDemoGame", "MyDemoGame\MyDemoGame.csproj", "{594794D7-E958-4C68-9E53-CC8A27DBF1C8}"
	ProjectSection(ProjectDependencies) = postProject
		{4E88FBCF-EAF3-4ED5-AED9-32C8DAB6AF1E} = {4E88FBCF-EAF3-4ED5-AED9-32C8DAB6AF1E}
		{565BFAFA-3CB4-480A-A27C-DD6727475083} = {565BFAFA-3CB4-480A-A27C-DD6727475083}
	EndProjectSection
EndProject
Project("{FAE04EC0-301F-11D3-BF4B-00C04F79EFBC}") = "PocketLint.SourceGenerators", "PocketLint.SourceGenerators\PocketLint.SourceGenerators.csproj", "{66111493-FDDC-4CAD-9F00-93295BF0F03E}"
	ProjectSection(ProjectDependencies) = postProject
		{4E88FBCF-EAF3-4ED5-AED9-32C8DAB6AF1E} = {4E88FBCF-EAF3-4ED5-AED9-32C8DAB6AF1E}
		{565BFAFA-3CB4-480A-A27C-DD6727475083} = {565BFAFA-3CB4-480A-A27C-DD6727475083}
		{770EBF8F-B198-4A33-B9B1-58D8CCB7EF60} = {770EBF8F-B198-4A33-B9B1-58D8CCB7EF60}
	EndProjectSection
EndProject
Project("{FAE04EC0-301F-11D3-BF4B-00C04F79EFBC}") = "PocketLint.Builder", "PocketLint.Builder\PocketLint.Builder.csproj", "{F15385C3-021F-49C5-BCA6-E72C22858CEB}"
	ProjectSection(ProjectDependencies) = postProject
		{4E88FBCF-EAF3-4ED5-AED9-32C8DAB6AF1E} = {4E88FBCF-EAF3-4ED5-AED9-32C8DAB6AF1E}
		{565BFAFA-3CB4-480A-A27C-DD6727475083} = {565BFAFA-3CB4-480A-A27C-DD6727475083}
		{770EBF8F-B198-4A33-B9B1-58D8CCB7EF60} = {770EBF8F-B198-4A33-B9B1-58D8CCB7EF60}
	EndProjectSection
EndProject
Project("{2150E333-8FDC-42A3-9474-1A3956D46DE8}") = "Docs", "Docs", "{02EA681E-C7D8-13C7-8484-4AC65E1B71E8}"
	ProjectSection(SolutionItems) = preProject
		Readme.md = Readme.md
	EndProjectSection
EndProject
Global
	GlobalSection(SolutionConfigurationPlatforms) = preSolution
		Debug|Any CPU = Debug|Any CPU
		Release|Any CPU = Release|Any CPU
	EndGlobalSection
	GlobalSection(ProjectConfigurationPlatforms) = postSolution
		{565BFAFA-3CB4-480A-A27C-DD6727475083}.Debug|Any CPU.ActiveCfg = Debug|Any CPU
		{565BFAFA-3CB4-480A-A27C-DD6727475083}.Debug|Any CPU.Build.0 = Debug|Any CPU
		{565BFAFA-3CB4-480A-A27C-DD6727475083}.Release|Any CPU.ActiveCfg = Release|Any CPU
		{565BFAFA-3CB4-480A-A27C-DD6727475083}.Release|Any CPU.Build.0 = Release|Any CPU
		{770EBF8F-B198-4A33-B9B1-58D8CCB7EF60}.Debug|Any CPU.ActiveCfg = Debug|Any CPU
		{770EBF8F-B198-4A33-B9B1-58D8CCB7EF60}.Debug|Any CPU.Build.0 = Debug|Any CPU
		{770EBF8F-B198-4A33-B9B1-58D8CCB7EF60}.Release|Any CPU.ActiveCfg = Release|Any CPU
		{770EBF8F-B198-4A33-B9B1-58D8CCB7EF60}.Release|Any CPU.Build.0 = Release|Any CPU
		{4E88FBCF-EAF3-4ED5-AED9-32C8DAB6AF1E}.Debug|Any CPU.ActiveCfg = Debug|Any CPU
		{4E88FBCF-EAF3-4ED5-AED9-32C8DAB6AF1E}.Debug|Any CPU.Build.0 = Debug|Any CPU
		{4E88FBCF-EAF3-4ED5-AED9-32C8DAB6AF1E}.Release|Any CPU.ActiveCfg = Release|Any CPU
		{4E88FBCF-EAF3-4ED5-AED9-32C8DAB6AF1E}.Release|Any CPU.Build.0 = Release|Any CPU
		{594794D7-E958-4C68-9E53-CC8A27DBF1C8}.Debug|Any CPU.ActiveCfg = Debug|Any CPU
		{594794D7-E958-4C68-9E53-CC8A27DBF1C8}.Debug|Any CPU.Build.0 = Debug|Any CPU
		{594794D7-E958-4C68-9E53-CC8A27DBF1C8}.Release|Any CPU.ActiveCfg = Release|Any CPU
		{594794D7-E958-4C68-9E53-CC8A27DBF1C8}.Release|Any CPU.Build.0 = Release|Any CPU
		{66111493-FDDC-4CAD-9F00-93295BF0F03E}.Debug|Any CPU.ActiveCfg = Debug|Any CPU
		{66111493-FDDC-4CAD-9F00-93295BF0F03E}.Debug|Any CPU.Build.0 = Debug|Any CPU
		{66111493-FDDC-4CAD-9F00-93295BF0F03E}.Release|Any CPU.ActiveCfg = Release|Any CPU
		{66111493-FDDC-4CAD-9F00-93295BF0F03E}.Release|Any CPU.Build.0 = Release|Any CPU
		{F15385C3-021F-49C5-BCA6-E72C22858CEB}.Debug|Any CPU.ActiveCfg = Debug|Any CPU
		{F15385C3-021F-49C5-BCA6-E72C22858CEB}.Debug|Any CPU.Build.0 = Debug|Any CPU
		{F15385C3-021F-49C5-BCA6-E72C22858CEB}.Release|Any CPU.ActiveCfg = Release|Any CPU
		{F15385C3-021F-49C5-BCA6-E72C22858CEB}.Release|Any CPU.Build.0 = Release|Any CPU
	EndGlobalSection
	GlobalSection(SolutionProperties) = preSolution
		HideSolutionNode = FALSE
	EndGlobalSection
	GlobalSection(ExtensibilityGlobals) = postSolution
		SolutionGuid = {B7DF93CB-4784-4349-A25C-ECB814CE957E}
	EndGlobalSection
EndGlobal
