
Microsoft Visual Studio Solution File, Format Version 12.00
# Visual Studio Version 17
VisualStudioVersion = 17.13.36105.23
MinimumVisualStudioVersion = 10.0.40219.1
Project("{FAE04EC0-301F-11D3-BF4B-00C04F79EFBC}") = "PocketLint.Core", "PocketLint.Core\PocketLint.Core.csproj", "{565BFAFA-3CB4-480A-A27C-DD6727475083}"
EndProject
Project("{FAE04EC0-301F-11D3-BF4B-00C04F79EFBC}") = "PocketLint.Core.Tests", "PocketLint.Core.Tests\PocketLint.Core.Tests.csproj", "{9945F014-8F0C-43CE-8A7A-37CAE91B37E6}"
EndProject
Project("{FAE04EC0-301F-11D3-BF4B-00C04F79EFBC}") = "PocketLint.Runner", "PocketLint.Runner\PocketLint.Runner.csproj", "{770EBF8F-B198-4A33-B9B1-58D8CCB7EF60}"
EndProject
Global
	GlobalSection(SolutionConfigurationPlatforms) = preSolution
		Debug|Any CPU = Debug|Any CPU
		Release|Any CPU = Release|Any CPU
	EndGlobalSection
	GlobalSection(ProjectConfigurationPlatforms) = postSolution
		{565BFAFA-3CB4-480A-A27C-DD6727475083}.Debug|Any CPU.ActiveCfg = Debug|Any CPU
		{565BFAFA-3CB4-480A-A27C-DD6727475083}.Debug|Any CPU.Build.0 = Debug|Any CPU
		{565BFAFA-3CB4-480A-A27C-DD6727475083}.Release|Any CPU.ActiveCfg = Release|Any CPU
		{565BFAFA-3CB4-480A-A27C-DD6727475083}.Release|Any CPU.Build.0 = Release|Any CPU
		{9945F014-8F0C-43CE-8A7A-37CAE91B37E6}.Debug|Any CPU.ActiveCfg = Debug|Any CPU
		{9945F014-8F0C-43CE-8A7A-37CAE91B37E6}.Debug|Any CPU.Build.0 = Debug|Any CPU
		{9945F014-8F0C-43CE-8A7A-37CAE91B37E6}.Release|Any CPU.ActiveCfg = Release|Any CPU
		{9945F014-8F0C-43CE-8A7A-37CAE91B37E6}.Release|Any CPU.Build.0 = Release|Any CPU
		{770EBF8F-B198-4A33-B9B1-58D8CCB7EF60}.Debug|Any CPU.ActiveCfg = Debug|Any CPU
		{770EBF8F-B198-4A33-B9B1-58D8CCB7EF60}.Debug|Any CPU.Build.0 = Debug|Any CPU
		{770EBF8F-B198-4A33-B9B1-58D8CCB7EF60}.Release|Any CPU.ActiveCfg = Release|Any CPU
		{770EBF8F-B198-4A33-B9B1-58D8CCB7EF60}.Release|Any CPU.Build.0 = Release|Any CPU
	EndGlobalSection
	GlobalSection(SolutionProperties) = preSolution
		HideSolutionNode = FALSE
	EndGlobalSection
	GlobalSection(ExtensibilityGlobals) = postSolution
		SolutionGuid = {B7DF93CB-4784-4349-A25C-ECB814CE957E}
	EndGlobalSection
EndGlobal
